{
  "originHash" : "533de208f7207fdd36b99a2f0036707fca012c23defe0e4e99a820106aff336d",
  "pins" : [
    {
      "identity" : "purchases-ios-spm",
      "kind" : "remoteSourceControl",
      "location" : "https://github.com/RevenueCat/purchases-ios-spm.git",
      "state" : {
        "revision" : "b3785e1383e9b0ce1a8ecd708891906f3a5d61a6",
        "version" : "5.2.0"
      }
    }
  ],
  "version" : 3
}
